// !$*UTF8*$!
{
	archiveVersion = 1;
	classes = {
	};
	objectVersion = 56;
	objects = {

/* Begin PBXBuildFile section */
		C802DB022AC8AFCE004FB4A5 /* workoutData.json in Resources */ = {isa = PBXBuildFile; fileRef = C802DB012AC8AFCE004FB4A5 /* workoutData.json */; };
		C802DB052AC8B00F004FB4A5 /* Workout.swift in Sources */ = {isa = PBXBuildFile; fileRef = C802DB042AC8B00F004FB4A5 /* Workout.swift */; };
		C802DB072AC8B5BC004FB4A5 /* ModelData.swift in Sources */ = {isa = PBXBuildFile; fileRef = C802DB062AC8B5BC004FB4A5 /* ModelData.swift */; };
		C80A39382AAF66800049CFFC /* EveryRepCountsApp.swift in Sources */ = {isa = PBXBuildFile; fileRef = C80A39372AAF66800049CFFC /* EveryRepCountsApp.swift */; };
		C80A393A2AAF66800049CFFC /* ContentView.swift in Sources */ = {isa = PBXBuildFile; fileRef = C80A39392AAF66800049CFFC /* ContentView.swift */; };
		C80A393C2AAF66800049CFFC /* Assets.xcassets in Resources */ = {isa = PBXBuildFile; fileRef = C80A393B2AAF66800049CFFC /* Assets.xcassets */; };
		C80A393F2AAF66800049CFFC /* Preview Assets.xcassets in Resources */ = {isa = PBXBuildFile; fileRef = C80A393E2AAF66800049CFFC /* Preview Assets.xcassets */; };
		C8375BCF2AE6BD3C0038CDD6 /* WorkoutView.swift in Sources */ = {isa = PBXBuildFile; fileRef = C8375BCE2AE6BD3C0038CDD6 /* WorkoutView.swift */; };
		C89B01F22B05F1FB0087A219 /* SetModel.swift in Sources */ = {isa = PBXBuildFile; fileRef = C89B01F12B05F1FB0087A219 /* SetModel.swift */; };
		C89B01F42B05F3940087A219 /* ExerciseModel.swift in Sources */ = {isa = PBXBuildFile; fileRef = C89B01F32B05F3940087A219 /* ExerciseModel.swift */; };
		C89B01F62B05F4AA0087A219 /* WorkoutModel.swift in Sources */ = {isa = PBXBuildFile; fileRef = C89B01F52B05F4AA0087A219 /* WorkoutModel.swift */; };
		C8A2C5632ACB10F300901D81 /* SetView.swift in Sources */ = {isa = PBXBuildFile; fileRef = C8A2C5622ACB10F300901D81 /* SetView.swift */; };
		C8F327932ACBA73E00161956 /* ExerciseView.swift in Sources */ = {isa = PBXBuildFile; fileRef = C8F327922ACBA73E00161956 /* ExerciseView.swift */; };
/* End PBXBuildFile section */

/* Begin PBXFileReference section */
		C802DB012AC8AFCE004FB4A5 /* workoutData.json */ = {isa = PBXFileReference; lastKnownFileType = text.json; path = workoutData.json; sourceTree = "<group>"; };
		C802DB042AC8B00F004FB4A5 /* Workout.swift */ = {isa = PBXFileReference; lastKnownFileType = sourcecode.swift; path = Workout.swift; sourceTree = "<group>"; };
		C802DB062AC8B5BC004FB4A5 /* ModelData.swift */ = {isa = PBXFileReference; lastKnownFileType = sourcecode.swift; path = ModelData.swift; sourceTree = "<group>"; };
		C80A39342AAF66800049CFFC /* EveryRepCounts.app */ = {isa = PBXFileReference; explicitFileType = wrapper.application; includeInIndex = 0; path = EveryRepCounts.app; sourceTree = BUILT_PRODUCTS_DIR; };
		C80A39372AAF66800049CFFC /* EveryRepCountsApp.swift */ = {isa = PBXFileReference; lastKnownFileType = sourcecode.swift; path = EveryRepCountsApp.swift; sourceTree = "<group>"; };
		C80A39392AAF66800049CFFC /* ContentView.swift */ = {isa = PBXFileReference; lastKnownFileType = sourcecode.swift; path = ContentView.swift; sourceTree = "<group>"; };
		C80A393B2AAF66800049CFFC /* Assets.xcassets */ = {isa = PBXFileReference; lastKnownFileType = folder.assetcatalog; path = Assets.xcassets; sourceTree = "<group>"; };
		C80A393E2AAF66800049CFFC /* Preview Assets.xcassets */ = {isa = PBXFileReference; lastKnownFileType = folder.assetcatalog; path = "Preview Assets.xcassets"; sourceTree = "<group>"; };
		C8375BCE2AE6BD3C0038CDD6 /* WorkoutView.swift */ = {isa = PBXFileReference; lastKnownFileType = sourcecode.swift; path = WorkoutView.swift; sourceTree = "<group>"; };
		C89B01F12B05F1FB0087A219 /* SetModel.swift */ = {isa = PBXFileReference; lastKnownFileType = sourcecode.swift; path = SetModel.swift; sourceTree = "<group>"; };
		C89B01F32B05F3940087A219 /* ExerciseModel.swift */ = {isa = PBXFileReference; lastKnownFileType = sourcecode.swift; path = ExerciseModel.swift; sourceTree = "<group>"; };
		C89B01F52B05F4AA0087A219 /* WorkoutModel.swift */ = {isa = PBXFileReference; lastKnownFileType = sourcecode.swift; path = WorkoutModel.swift; sourceTree = "<group>"; };
		C8A2C5622ACB10F300901D81 /* SetView.swift */ = {isa = PBXFileReference; lastKnownFileType = sourcecode.swift; path = SetView.swift; sourceTree = "<group>"; };
		C8F327922ACBA73E00161956 /* ExerciseView.swift */ = {isa = PBXFileReference; lastKnownFileType = sourcecode.swift; path = ExerciseView.swift; sourceTree = "<group>"; };
/* End PBXFileReference section */

/* Begin PBXFrameworksBuildPhase section */
		C80A39312AAF66800049CFFC /* Frameworks */ = {
			isa = PBXFrameworksBuildPhase;
			buildActionMask = 2147483647;
			files = (
			);
			runOnlyForDeploymentPostprocessing = 0;
		};
/* End PBXFrameworksBuildPhase section */

/* Begin PBXGroup section */
		C802DAFF2AC8AF34004FB4A5 /* Model */ = {
			isa = PBXGroup;
			children = (
				C802DB042AC8B00F004FB4A5 /* Workout.swift */,
				C802DB062AC8B5BC004FB4A5 /* ModelData.swift */,
				C89B01F12B05F1FB0087A219 /* SetModel.swift */,
				C89B01F32B05F3940087A219 /* ExerciseModel.swift */,
				C89B01F52B05F4AA0087A219 /* WorkoutModel.swift */,
			);
			path = Model;
			sourceTree = "<group>";
		};
		C802DB002AC8AF74004FB4A5 /* Resources */ = {
			isa = PBXGroup;
			children = (
				C802DB012AC8AFCE004FB4A5 /* workoutData.json */,
			);
			path = Resources;
			sourceTree = "<group>";
		};
		C80A392B2AAF66800049CFFC = {
			isa = PBXGroup;
			children = (
				C80A39362AAF66800049CFFC /* EveryRepCounts */,
				C80A39352AAF66800049CFFC /* Products */,
			);
			sourceTree = "<group>";
		};
		C80A39352AAF66800049CFFC /* Products */ = {
			isa = PBXGroup;
			children = (
				C80A39342AAF66800049CFFC /* EveryRepCounts.app */,
			);
			name = Products;
			sourceTree = "<group>";
		};
		C80A39362AAF66800049CFFC /* EveryRepCounts */ = {
			isa = PBXGroup;
			children = (
				C802DB002AC8AF74004FB4A5 /* Resources */,
				C802DAFF2AC8AF34004FB4A5 /* Model */,
				C80A39372AAF66800049CFFC /* EveryRepCountsApp.swift */,
				C8DC01762AB9FCF1008F18D2 /* Views */,
				C80A393B2AAF66800049CFFC /* Assets.xcassets */,
				C80A393D2AAF66800049CFFC /* Preview Content */,
			);
			path = EveryRepCounts;
			sourceTree = "<group>";
		};
		C80A393D2AAF66800049CFFC /* Preview Content */ = {
			isa = PBXGroup;
			children = (
				C80A393E2AAF66800049CFFC /* Preview Assets.xcassets */,
			);
			path = "Preview Content";
			sourceTree = "<group>";
		};
		C8DC01762AB9FCF1008F18D2 /* Views */ = {
			isa = PBXGroup;
			children = (
				C80A39392AAF66800049CFFC /* ContentView.swift */,
				C8A2C5622ACB10F300901D81 /* SetView.swift */,
				C8F327922ACBA73E00161956 /* ExerciseView.swift */,
				C8375BCE2AE6BD3C0038CDD6 /* WorkoutView.swift */,
			);
			path = Views;
			sourceTree = "<group>";
		};
/* End PBXGroup section */

/* Begin PBXNativeTarget section */
		C80A39332AAF66800049CFFC /* EveryRepCounts */ = {
			isa = PBXNativeTarget;
			buildConfigurationList = C80A39422AAF66800049CFFC /* Build configuration list for PBXNativeTarget "EveryRepCounts" */;
			buildPhases = (
				C80A39302AAF66800049CFFC /* Sources */,
				C80A39312AAF66800049CFFC /* Frameworks */,
				C80A39322AAF66800049CFFC /* Resources */,
			);
			buildRules = (
			);
			dependencies = (
			);
			name = EveryRepCounts;
			productName = EveryRepCounts;
			productReference = C80A39342AAF66800049CFFC /* EveryRepCounts.app */;
			productType = "com.apple.product-type.application";
		};
/* End PBXNativeTarget section */

/* Begin PBXProject section */
		C80A392C2AAF66800049CFFC /* Project object */ = {
			isa = PBXProject;
			attributes = {
				BuildIndependentTargetsInParallel = 1;
				LastSwiftUpdateCheck = 1420;
				LastUpgradeCheck = 1500;
				TargetAttributes = {
					C80A39332AAF66800049CFFC = {
						CreatedOnToolsVersion = 14.2;
					};
				};
			};
			buildConfigurationList = C80A392F2AAF66800049CFFC /* Build configuration list for PBXProject "EveryRepCounts" */;
			compatibilityVersion = "Xcode 14.0";
			developmentRegion = en;
			hasScannedForEncodings = 0;
			knownRegions = (
				en,
				Base,
			);
			mainGroup = C80A392B2AAF66800049CFFC;
			productRefGroup = C80A39352AAF66800049CFFC /* Products */;
			projectDirPath = "";
			projectRoot = "";
			targets = (
				C80A39332AAF66800049CFFC /* EveryRepCounts */,
			);
		};
/* End PBXProject section */

/* Begin PBXResourcesBuildPhase section */
		C80A39322AAF66800049CFFC /* Resources */ = {
			isa = PBXResourcesBuildPhase;
			buildActionMask = 2147483647;
			files = (
				C80A393F2AAF66800049CFFC /* Preview Assets.xcassets in Resources */,
				C802DB022AC8AFCE004FB4A5 /* workoutData.json in Resources */,
				C80A393C2AAF66800049CFFC /* Assets.xcassets in Resources */,
			);
			runOnlyForDeploymentPostprocessing = 0;
		};
/* End PBXResourcesBuildPhase section */

/* Begin PBXSourcesBuildPhase section */
		C80A39302AAF66800049CFFC /* Sources */ = {
			isa = PBXSourcesBuildPhase;
			buildActionMask = 2147483647;
			files = (
				C8375BCF2AE6BD3C0038CDD6 /* WorkoutView.swift in Sources */,
				C89B01F62B05F4AA0087A219 /* WorkoutModel.swift in Sources */,
				C8F327932ACBA73E00161956 /* ExerciseView.swift in Sources */,
				C80A393A2AAF66800049CFFC /* ContentView.swift in Sources */,
				C8A2C5632ACB10F300901D81 /* SetView.swift in Sources */,
				C802DB072AC8B5BC004FB4A5 /* ModelData.swift in Sources */,
				C802DB052AC8B00F004FB4A5 /* Workout.swift in Sources */,
				C89B01F22B05F1FB0087A219 /* SetModel.swift in Sources */,
				C89B01F42B05F3940087A219 /* ExerciseModel.swift in Sources */,
				C80A39382AAF66800049CFFC /* EveryRepCountsApp.swift in Sources */,
			);
			runOnlyForDeploymentPostprocessing = 0;
		};
/* End PBXSourcesBuildPhase section */

/* Begin XCBuildConfiguration section */
		C80A39402AAF66800049CFFC /* Debug */ = {
			isa = XCBuildConfiguration;
			buildSettings = {
				ALWAYS_SEARCH_USER_PATHS = NO;
				CLANG_ANALYZER_NONNULL = YES;
				CLANG_ANALYZER_NUMBER_OBJECT_CONVERSION = YES_AGGRESSIVE;
				CLANG_CXX_LANGUAGE_STANDARD = "gnu++20";
				CLANG_ENABLE_MODULES = YES;
				CLANG_ENABLE_OBJC_ARC = YES;
				CLANG_ENABLE_OBJC_WEAK = YES;
				CLANG_WARN_BLOCK_CAPTURE_AUTORELEASING = YES;
				CLANG_WARN_BOOL_CONVERSION = YES;
				CLANG_WARN_COMMA = YES;
				CLANG_WARN_CONSTANT_CONVERSION = YES;
				CLANG_WARN_DEPRECATED_OBJC_IMPLEMENTATIONS = YES;
				CLANG_WARN_DIRECT_OBJC_ISA_USAGE = YES_ERROR;
				CLANG_WARN_DOCUMENTATION_COMMENTS = YES;
				CLANG_WARN_EMPTY_BODY = YES;
				CLANG_WARN_ENUM_CONVERSION = YES;
				CLANG_WARN_INFINITE_RECURSION = YES;
				CLANG_WARN_INT_CONVERSION = YES;
				CLANG_WARN_NON_LITERAL_NULL_CONVERSION = YES;
				CLANG_WARN_OBJC_IMPLICIT_RETAIN_SELF = YES;
				CLANG_WARN_OBJC_LITERAL_CONVERSION = YES;
				CLANG_WARN_OBJC_ROOT_CLASS = YES_ERROR;
				CLANG_WARN_QUOTED_INCLUDE_IN_FRAMEWORK_HEADER = YES;
				CLANG_WARN_RANGE_LOOP_ANALYSIS = YES;
				CLANG_WARN_STRICT_PROTOTYPES = YES;
				CLANG_WARN_SUSPICIOUS_MOVE = YES;
				CLANG_WARN_UNGUARDED_AVAILABILITY = YES_AGGRESSIVE;
				CLANG_WARN_UNREACHABLE_CODE = YES;
				CLANG_WARN__DUPLICATE_METHOD_MATCH = YES;
				COPY_PHASE_STRIP = NO;
				DEBUG_INFORMATION_FORMAT = dwarf;
				ENABLE_STRICT_OBJC_MSGSEND = YES;
				ENABLE_TESTABILITY = YES;
				ENABLE_USER_SCRIPT_SANDBOXING = YES;
				GCC_C_LANGUAGE_STANDARD = gnu11;
				GCC_DYNAMIC_NO_PIC = NO;
				GCC_NO_COMMON_BLOCKS = YES;
				GCC_OPTIMIZATION_LEVEL = 0;
				GCC_PREPROCESSOR_DEFINITIONS = (
					"DEBUG=1",
					"$(inherited)",
				);
				GCC_WARN_64_TO_32_BIT_CONVERSION = YES;
				GCC_WARN_ABOUT_RETURN_TYPE = YES_ERROR;
				GCC_WARN_UNDECLARED_SELECTOR = YES;
				GCC_WARN_UNINITIALIZED_AUTOS = YES_AGGRESSIVE;
				GCC_WARN_UNUSED_FUNCTION = YES;
				GCC_WARN_UNUSED_VARIABLE = YES;
				IPHONEOS_DEPLOYMENT_TARGET = 17.0;
				MTL_ENABLE_DEBUG_INFO = INCLUDE_SOURCE;
				MTL_FAST_MATH = YES;
				ONLY_ACTIVE_ARCH = YES;
				SDKROOT = iphoneos;
				SWIFT_ACTIVE_COMPILATION_CONDITIONS = DEBUG;
				SWIFT_OPTIMIZATION_LEVEL = "-Onone";
			};
			name = Debug;
		};
		C80A39412AAF66800049CFFC /* Release */ = {
			isa = XCBuildConfiguration;
			buildSettings = {
				ALWAYS_SEARCH_USER_PATHS = NO;
				CLANG_ANALYZER_NONNULL = YES;
				CLANG_ANALYZER_NUMBER_OBJECT_CONVERSION = YES_AGGRESSIVE;
				CLANG_CXX_LANGUAGE_STANDARD = "gnu++20";
				CLANG_ENABLE_MODULES = YES;
				CLANG_ENABLE_OBJC_ARC = YES;
				CLANG_ENABLE_OBJC_WEAK = YES;
				CLANG_WARN_BLOCK_CAPTURE_AUTORELEASING = YES;
				CLANG_WARN_BOOL_CONVERSION = YES;
				CLANG_WARN_COMMA = YES;
				CLANG_WARN_CONSTANT_CONVERSION = YES;
				CLANG_WARN_DEPRECATED_OBJC_IMPLEMENTATIONS = YES;
				CLANG_WARN_DIRECT_OBJC_ISA_USAGE = YES_ERROR;
				CLANG_WARN_DOCUMENTATION_COMMENTS = YES;
				CLANG_WARN_EMPTY_BODY = YES;
				CLANG_WARN_ENUM_CONVERSION = YES;
				CLANG_WARN_INFINITE_RECURSION = YES;
				CLANG_WARN_INT_CONVERSION = YES;
				CLANG_WARN_NON_LITERAL_NULL_CONVERSION = YES;
				CLANG_WARN_OBJC_IMPLICIT_RETAIN_SELF = YES;
				CLANG_WARN_OBJC_LITERAL_CONVERSION = YES;
				CLANG_WARN_OBJC_ROOT_CLASS = YES_ERROR;
				CLANG_WARN_QUOTED_INCLUDE_IN_FRAMEWORK_HEADER = YES;
				CLANG_WARN_RANGE_LOOP_ANALYSIS = YES;
				CLANG_WARN_STRICT_PROTOTYPES = YES;
				CLANG_WARN_SUSPICIOUS_MOVE = YES;
				CLANG_WARN_UNGUARDED_AVAILABILITY = YES_AGGRESSIVE;
				CLANG_WARN_UNREACHABLE_CODE = YES;
				CLANG_WARN__DUPLICATE_METHOD_MATCH = YES;
				COPY_PHASE_STRIP = NO;
				DEBUG_INFORMATION_FORMAT = "dwarf-with-dsym";
				ENABLE_NS_ASSERTIONS = NO;
				ENABLE_STRICT_OBJC_MSGSEND = YES;
				ENABLE_USER_SCRIPT_SANDBOXING = YES;
				GCC_C_LANGUAGE_STANDARD = gnu11;
				GCC_NO_COMMON_BLOCKS = YES;
				GCC_WARN_64_TO_32_BIT_CONVERSION = YES;
				GCC_WARN_ABOUT_RETURN_TYPE = YES_ERROR;
				GCC_WARN_UNDECLARED_SELECTOR = YES;
				GCC_WARN_UNINITIALIZED_AUTOS = YES_AGGRESSIVE;
				GCC_WARN_UNUSED_FUNCTION = YES;
				GCC_WARN_UNUSED_VARIABLE = YES;
				IPHONEOS_DEPLOYMENT_TARGET = 17.0;
				MTL_ENABLE_DEBUG_INFO = NO;
				MTL_FAST_MATH = YES;
				SDKROOT = iphoneos;
				SWIFT_COMPILATION_MODE = wholemodule;
				SWIFT_OPTIMIZATION_LEVEL = "-O";
				VALIDATE_PRODUCT = YES;
			};
			name = Release;
		};
		C80A39432AAF66800049CFFC /* Debug */ = {
			isa = XCBuildConfiguration;
			buildSettings = {
				ASSETCATALOG_COMPILER_APPICON_NAME = AppIcon;
				ASSETCATALOG_COMPILER_GLOBAL_ACCENT_COLOR_NAME = AccentColor;
				CODE_SIGN_STYLE = Automatic;
				CURRENT_PROJECT_VERSION = 1;
				DEVELOPMENT_ASSET_PATHS = "\"EveryRepCounts/Preview Content\"";
				DEVELOPMENT_TEAM = LP7WFS9Y8S;
				ENABLE_PREVIEWS = YES;
				GENERATE_INFOPLIST_FILE = YES;
				INFOPLIST_KEY_UIApplicationSceneManifest_Generation = YES;
				INFOPLIST_KEY_UIApplicationSupportsIndirectInputEvents = YES;
				INFOPLIST_KEY_UILaunchScreen_Generation = YES;
				INFOPLIST_KEY_UISupportedInterfaceOrientations_iPad = "UIInterfaceOrientationPortrait UIInterfaceOrientationPortraitUpsideDown UIInterfaceOrientationLandscapeLeft UIInterfaceOrientationLandscapeRight";
				INFOPLIST_KEY_UISupportedInterfaceOrientations_iPhone = "UIInterfaceOrientationPortrait UIInterfaceOrientationLandscapeLeft UIInterfaceOrientationLandscapeRight";
				IPHONEOS_DEPLOYMENT_TARGET = 17.0;
				LD_RUNPATH_SEARCH_PATHS = (
					"$(inherited)",
					"@executable_path/Frameworks",
				);
				MARKETING_VERSION = 1.0;
				PRODUCT_BUNDLE_IDENTIFIER = com.shivwadwani.EveryRepCounts;
				PRODUCT_NAME = "$(TARGET_NAME)";
				SWIFT_EMIT_LOC_STRINGS = YES;
				SWIFT_VERSION = 5.0;
				TARGETED_DEVICE_FAMILY = "1,2";
			};
			name = Debug;
		};
		C80A39442AAF66800049CFFC /* Release */ = {
			isa = XCBuildConfiguration;
			buildSettings = {
				ASSETCATALOG_COMPILER_APPICON_NAME = AppIcon;
				ASSETCATALOG_COMPILER_GLOBAL_ACCENT_COLOR_NAME = AccentColor;
				CODE_SIGN_STYLE = Automatic;
				CURRENT_PROJECT_VERSION = 1;
				DEVELOPMENT_ASSET_PATHS = "\"EveryRepCounts/Preview Content\"";
				DEVELOPMENT_TEAM = LP7WFS9Y8S;
				ENABLE_PREVIEWS = YES;
				GENERATE_INFOPLIST_FILE = YES;
				INFOPLIST_KEY_UIApplicationSceneManifest_Generation = YES;
				INFOPLIST_KEY_UIApplicationSupportsIndirectInputEvents = YES;
				INFOPLIST_KEY_UILaunchScreen_Generation = YES;
				INFOPLIST_KEY_UISupportedInterfaceOrientations_iPad = "UIInterfaceOrientationPortrait UIInterfaceOrientationPortraitUpsideDown UIInterfaceOrientationLandscapeLeft UIInterfaceOrientationLandscapeRight";
				INFOPLIST_KEY_UISupportedInterfaceOrientations_iPhone = "UIInterfaceOrientationPortrait UIInterfaceOrientationLandscapeLeft UIInterfaceOrientationLandscapeRight";
				IPHONEOS_DEPLOYMENT_TARGET = 17.0;
				LD_RUNPATH_SEARCH_PATHS = (
					"$(inherited)",
					"@executable_path/Frameworks",
				);
				MARKETING_VERSION = 1.0;
				PRODUCT_BUNDLE_IDENTIFIER = com.shivwadwani.EveryRepCounts;
				PRODUCT_NAME = "$(TARGET_NAME)";
				SWIFT_EMIT_LOC_STRINGS = YES;
				SWIFT_VERSION = 5.0;
				TARGETED_DEVICE_FAMILY = "1,2";
			};
			name = Release;
		};
/* End XCBuildConfiguration section */

/* Begin XCConfigurationList section */
		C80A392F2AAF66800049CFFC /* Build configuration list for PBXProject "EveryRepCounts" */ = {
			isa = XCConfigurationList;
			buildConfigurations = (
				C80A39402AAF66800049CFFC /* Debug */,
				C80A39412AAF66800049CFFC /* Release */,
			);
			defaultConfigurationIsVisible = 0;
			defaultConfigurationName = Release;
		};
		C80A39422AAF66800049CFFC /* Build configuration list for PBXNativeTarget "EveryRepCounts" */ = {
			isa = XCConfigurationList;
			buildConfigurations = (
				C80A39432AAF66800049CFFC /* Debug */,
				C80A39442AAF66800049CFFC /* Release */,
			);
			defaultConfigurationIsVisible = 0;
			defaultConfigurationName = Release;
		};
/* End XCConfigurationList section */
	};
	rootObject = C80A392C2AAF66800049CFFC /* Project object */;
}
